
Microsoft Visual Studio Solution File, Format Version 12.00
# Visual Studio Version 16
VisualStudioVersion = 16.0.31702.278
MinimumVisualStudioVersion = 10.0.40219.1
Project("{FAE04EC0-301F-11D3-BF4B-00C04F79EFBC}") = "SubStack_Backup", "SubStack_Backup\SubStack_Backup.csproj", "{828081F5-863D-4B31-B76B-67AEFC195DE7}"
EndProject
Global
	GlobalSection(SolutionConfigurationPlatforms) = preSolution
		Debug|Any CPU = Debug|Any CPU
		Release|Any CPU = Release|Any CPU
	EndGlobalSection
	GlobalSection(ProjectConfigurationPlatforms) = postSolution
		{828081F5-863D-4B31-B76B-67AEFC195DE7}.Debug|Any CPU.ActiveCfg = Debug|Any CPU
		{828081F5-863D-4B31-B76B-67AEFC195DE7}.Debug|Any CPU.Build.0 = Debug|Any CPU
		{828081F5-863D-4B31-B76B-67AEFC195DE7}.Release|Any CPU.ActiveCfg = Release|Any CPU
		{828081F5-863D-4B31-B76B-67AEFC195DE7}.Release|Any CPU.Build.0 = Release|Any CPU
	EndGlobalSection
	GlobalSection(SolutionProperties) = preSolution
		HideSolutionNode = FALSE
	EndGlobalSection
	GlobalSection(ExtensibilityGlobals) = postSolution
		SolutionGuid = {221902A0-85AE-4817-9454-01CEA2F4D9DC}
	EndGlobalSection
EndGlobal
